
Microsoft Visual Studio Solution File, Format Version 12.00
# Visual Studio 15
VisualStudioVersion = 15.0.28307.271
MinimumVisualStudioVersion = 10.0.40219.1
Project("{FAE04EC0-301F-11D3-BF4B-00C04F79EFBC}") = "mumaid", "mumaid\mumaid.csproj", "{9AB20DBC-1F1E-4AFE-8357-A27B7021D7FA}"
EndProject
Global
	GlobalSection(SolutionConfigurationPlatforms) = preSolution
		Debug|Any CPU = Debug|Any CPU
		Release|Any CPU = Release|Any CPU
	EndGlobalSection
	GlobalSection(ProjectConfigurationPlatforms) = postSolution
		{9AB20DBC-1F1E-4AFE-8357-A27B7021D7FA}.Debug|Any CPU.ActiveCfg = Debug|Any CPU
		{9AB20DBC-1F1E-4AFE-8357-A27B7021D7FA}.Debug|Any CPU.Build.0 = Debug|Any CPU
		{9AB20DBC-1F1E-4AFE-8357-A27B7021D7FA}.Release|Any CPU.ActiveCfg = Release|Any CPU
		{9AB20DBC-1F1E-4AFE-8357-A27B7021D7FA}.Release|Any CPU.Build.0 = Release|Any CPU
	EndGlobalSection
	GlobalSection(SolutionProperties) = preSolution
		HideSolutionNode = FALSE
	EndGlobalSection
	GlobalSection(ExtensibilityGlobals) = postSolution
		SolutionGuid = {8EE57138-C3BC-4AA2-B105-169296B2E77F}
	EndGlobalSection
EndGlobal
